// !$*UTF8*$!
{
	archiveVersion = 1;
	classes = {
	};
	objectVersion = 50;
	objects = {

/* Begin PBXBuildFile section */
		102ACF80BB3EB4CFEDFC5759 /* Pods_Alamofire_RxSwiftByTodoList.framework in Frameworks */ = {isa = PBXBuildFile; fileRef = 0F63C52BFEEFDCC1D120DCB4 /* Pods_Alamofire_RxSwiftByTodoList.framework */; };
		F0455D1C2099BE6A00D5390D /* AppDelegate.swift in Sources */ = {isa = PBXBuildFile; fileRef = F0455D1B2099BE6A00D5390D /* AppDelegate.swift */; };
		F0455D1E2099BE6A00D5390D /* ViewController.swift in Sources */ = {isa = PBXBuildFile; fileRef = F0455D1D2099BE6A00D5390D /* ViewController.swift */; };
		F0455D212099BE6A00D5390D /* Main.storyboard in Resources */ = {isa = PBXBuildFile; fileRef = F0455D1F2099BE6A00D5390D /* Main.storyboard */; };
		F0455D232099BE6A00D5390D /* Assets.xcassets in Resources */ = {isa = PBXBuildFile; fileRef = F0455D222099BE6A00D5390D /* Assets.xcassets */; };
		F0455D262099BE6A00D5390D /* LaunchScreen.storyboard in Resources */ = {isa = PBXBuildFile; fileRef = F0455D242099BE6A00D5390D /* LaunchScreen.storyboard */; };
		F0455D2E2099E79700D5390D /* Todo.swift in Sources */ = {isa = PBXBuildFile; fileRef = F0455D2D2099E79700D5390D /* Todo.swift */; };
		F0455D302099E7A900D5390D /* TodoRouter.swift in Sources */ = {isa = PBXBuildFile; fileRef = F0455D2F2099E7A900D5390D /* TodoRouter.swift */; };
/* End PBXBuildFile section */

/* Begin PBXFileReference section */
		0F63C52BFEEFDCC1D120DCB4 /* Pods_Alamofire_RxSwiftByTodoList.framework */ = {isa = PBXFileReference; explicitFileType = wrapper.framework; includeInIndex = 0; path = Pods_Alamofire_RxSwiftByTodoList.framework; sourceTree = BUILT_PRODUCTS_DIR; };
		BE479AB293478D4B37683B23 /* Pods-Alamofire+RxSwiftByTodoList.debug.xcconfig */ = {isa = PBXFileReference; includeInIndex = 1; lastKnownFileType = text.xcconfig; name = "Pods-Alamofire+RxSwiftByTodoList.debug.xcconfig"; path = "Pods/Target Support Files/Pods-Alamofire+RxSwiftByTodoList/Pods-Alamofire+RxSwiftByTodoList.debug.xcconfig"; sourceTree = "<group>"; };
		F0455D182099BE6A00D5390D /* Alamofire+RxSwiftByTodoList.app */ = {isa = PBXFileReference; explicitFileType = wrapper.application; includeInIndex = 0; path = "Alamofire+RxSwiftByTodoList.app"; sourceTree = BUILT_PRODUCTS_DIR; };
		F0455D1B2099BE6A00D5390D /* AppDelegate.swift */ = {isa = PBXFileReference; lastKnownFileType = sourcecode.swift; path = AppDelegate.swift; sourceTree = "<group>"; };
		F0455D1D2099BE6A00D5390D /* ViewController.swift */ = {isa = PBXFileReference; lastKnownFileType = sourcecode.swift; path = ViewController.swift; sourceTree = "<group>"; };
		F0455D202099BE6A00D5390D /* Base */ = {isa = PBXFileReference; lastKnownFileType = file.storyboard; name = Base; path = Base.lproj/Main.storyboard; sourceTree = "<group>"; };
		F0455D222099BE6A00D5390D /* Assets.xcassets */ = {isa = PBXFileReference; lastKnownFileType = folder.assetcatalog; path = Assets.xcassets; sourceTree = "<group>"; };
		F0455D252099BE6A00D5390D /* Base */ = {isa = PBXFileReference; lastKnownFileType = file.storyboard; name = Base; path = Base.lproj/LaunchScreen.storyboard; sourceTree = "<group>"; };
		F0455D272099BE6A00D5390D /* Info.plist */ = {isa = PBXFileReference; lastKnownFileType = text.plist.xml; path = Info.plist; sourceTree = "<group>"; };
		F0455D2D2099E79700D5390D /* Todo.swift */ = {isa = PBXFileReference; lastKnownFileType = sourcecode.swift; path = Todo.swift; sourceTree = "<group>"; };
		F0455D2F2099E7A900D5390D /* TodoRouter.swift */ = {isa = PBXFileReference; lastKnownFileType = sourcecode.swift; path = TodoRouter.swift; sourceTree = "<group>"; };
		FA5E9282B08108CDAEBCB039 /* Pods-Alamofire+RxSwiftByTodoList.release.xcconfig */ = {isa = PBXFileReference; includeInIndex = 1; lastKnownFileType = text.xcconfig; name = "Pods-Alamofire+RxSwiftByTodoList.release.xcconfig"; path = "Pods/Target Support Files/Pods-Alamofire+RxSwiftByTodoList/Pods-Alamofire+RxSwiftByTodoList.release.xcconfig"; sourceTree = "<group>"; };
/* End PBXFileReference section */

/* Begin PBXFrameworksBuildPhase section */
		F0455D152099BE6A00D5390D /* Frameworks */ = {
			isa = PBXFrameworksBuildPhase;
			buildActionMask = 2147483647;
			files = (
				102ACF80BB3EB4CFEDFC5759 /* Pods_Alamofire_RxSwiftByTodoList.framework in Frameworks */,
			);
			runOnlyForDeploymentPostprocessing = 0;
		};
/* End PBXFrameworksBuildPhase section */

/* Begin PBXGroup section */
		30EFE5BF10F17A7234248BF9 /* Pods */ = {
			isa = PBXGroup;
			children = (
				BE479AB293478D4B37683B23 /* Pods-Alamofire+RxSwiftByTodoList.debug.xcconfig */,
				FA5E9282B08108CDAEBCB039 /* Pods-Alamofire+RxSwiftByTodoList.release.xcconfig */,
			);
			name = Pods;
			sourceTree = "<group>";
		};
		4BD729E7D9A6662ACB1B7A47 /* Frameworks */ = {
			isa = PBXGroup;
			children = (
				0F63C52BFEEFDCC1D120DCB4 /* Pods_Alamofire_RxSwiftByTodoList.framework */,
			);
			name = Frameworks;
			sourceTree = "<group>";
		};
		F0455D0F2099BE6A00D5390D = {
			isa = PBXGroup;
			children = (
				F0455D1A2099BE6A00D5390D /* Alamofire+RxSwiftByTodoList */,
				F0455D192099BE6A00D5390D /* Products */,
				30EFE5BF10F17A7234248BF9 /* Pods */,
				4BD729E7D9A6662ACB1B7A47 /* Frameworks */,
			);
			sourceTree = "<group>";
		};
		F0455D192099BE6A00D5390D /* Products */ = {
			isa = PBXGroup;
			children = (
				F0455D182099BE6A00D5390D /* Alamofire+RxSwiftByTodoList.app */,
			);
			name = Products;
			sourceTree = "<group>";
		};
		F0455D1A2099BE6A00D5390D /* Alamofire+RxSwiftByTodoList */ = {
			isa = PBXGroup;
			children = (
				F0455D1B2099BE6A00D5390D /* AppDelegate.swift */,
				F0455D1D2099BE6A00D5390D /* ViewController.swift */,
				F0455D1F2099BE6A00D5390D /* Main.storyboard */,
				F0455D222099BE6A00D5390D /* Assets.xcassets */,
				F0455D242099BE6A00D5390D /* LaunchScreen.storyboard */,
				F0455D272099BE6A00D5390D /* Info.plist */,
				F0455D2D2099E79700D5390D /* Todo.swift */,
				F0455D2F2099E7A900D5390D /* TodoRouter.swift */,
			);
			path = "Alamofire+RxSwiftByTodoList";
			sourceTree = "<group>";
		};
/* End PBXGroup section */

/* Begin PBXNativeTarget section */
		F0455D172099BE6A00D5390D /* Alamofire+RxSwiftByTodoList */ = {
			isa = PBXNativeTarget;
			buildConfigurationList = F0455D2A2099BE6A00D5390D /* Build configuration list for PBXNativeTarget "Alamofire+RxSwiftByTodoList" */;
			buildPhases = (
				E498C18EA3B6EE7EA4F24AA1 /* [CP] Check Pods Manifest.lock */,
				F0455D142099BE6A00D5390D /* Sources */,
				F0455D152099BE6A00D5390D /* Frameworks */,
				F0455D162099BE6A00D5390D /* Resources */,
				F05608B01036CB405B34DAFC /* [CP] Embed Pods Frameworks */,
			);
			buildRules = (
			);
			dependencies = (
			);
			name = "Alamofire+RxSwiftByTodoList";
			productName = "Alamofire+RxSwiftByTodoList";
			productReference = F0455D182099BE6A00D5390D /* Alamofire+RxSwiftByTodoList.app */;
			productType = "com.apple.product-type.application";
		};
/* End PBXNativeTarget section */

/* Begin PBXProject section */
		F0455D102099BE6A00D5390D /* Project object */ = {
			isa = PBXProject;
			attributes = {
				LastSwiftUpdateCheck = 0930;
				LastUpgradeCheck = 0930;
				ORGANIZATIONNAME = gavinning;
				TargetAttributes = {
					F0455D172099BE6A00D5390D = {
						CreatedOnToolsVersion = 9.3;
					};
				};
			};
			buildConfigurationList = F0455D132099BE6A00D5390D /* Build configuration list for PBXProject "Alamofire+RxSwiftByTodoList" */;
			compatibilityVersion = "Xcode 9.3";
			developmentRegion = en;
			hasScannedForEncodings = 0;
			knownRegions = (
				en,
				Base,
			);
			mainGroup = F0455D0F2099BE6A00D5390D;
			productRefGroup = F0455D192099BE6A00D5390D /* Products */;
			projectDirPath = "";
			projectRoot = "";
			targets = (
				F0455D172099BE6A00D5390D /* Alamofire+RxSwiftByTodoList */,
			);
		};
/* End PBXProject section */

/* Begin PBXResourcesBuildPhase section */
		F0455D162099BE6A00D5390D /* Resources */ = {
			isa = PBXResourcesBuildPhase;
			buildActionMask = 2147483647;
			files = (
				F0455D262099BE6A00D5390D /* LaunchScreen.storyboard in Resources */,
				F0455D232099BE6A00D5390D /* Assets.xcassets in Resources */,
				F0455D212099BE6A00D5390D /* Main.storyboard in Resources */,
			);
			runOnlyForDeploymentPostprocessing = 0;
		};
/* End PBXResourcesBuildPhase section */

/* Begin PBXShellScriptBuildPhase section */
		E498C18EA3B6EE7EA4F24AA1 /* [CP] Check Pods Manifest.lock */ = {
			isa = PBXShellScriptBuildPhase;
			buildActionMask = 2147483647;
			files = (
			);
			inputPaths = (
				"${PODS_PODFILE_DIR_PATH}/Podfile.lock",
				"${PODS_ROOT}/Manifest.lock",
			);
			name = "[CP] Check Pods Manifest.lock";
			outputPaths = (
				"$(DERIVED_FILE_DIR)/Pods-Alamofire+RxSwiftByTodoList-checkManifestLockResult.txt",
			);
			runOnlyForDeploymentPostprocessing = 0;
			shellPath = /bin/sh;
			shellScript = "diff \"${PODS_PODFILE_DIR_PATH}/Podfile.lock\" \"${PODS_ROOT}/Manifest.lock\" > /dev/null\nif [ $? != 0 ] ; then\n    # print error to STDERR\n    echo \"error: The sandbox is not in sync with the Podfile.lock. Run 'pod install' or update your CocoaPods installation.\" >&2\n    exit 1\nfi\n# This output is used by Xcode 'outputs' to avoid re-running this script phase.\necho \"SUCCESS\" > \"${SCRIPT_OUTPUT_FILE_0}\"\n";
			showEnvVarsInLog = 0;
		};
		F05608B01036CB405B34DAFC /* [CP] Embed Pods Frameworks */ = {
			isa = PBXShellScriptBuildPhase;
			buildActionMask = 2147483647;
			files = (
			);
			inputPaths = (
				"${SRCROOT}/Pods/Target Support Files/Pods-Alamofire+RxSwiftByTodoList/Pods-Alamofire+RxSwiftByTodoList-frameworks.sh",
				"${BUILT_PRODUCTS_DIR}/Alamofire/Alamofire.framework",
				"${BUILT_PRODUCTS_DIR}/FlexView/FlexView.framework",
				"${BUILT_PRODUCTS_DIR}/GLEKit/GLEKit.framework",
				"${BUILT_PRODUCTS_DIR}/RxCocoa/RxCocoa.framework",
				"${BUILT_PRODUCTS_DIR}/RxSwift/RxSwift.framework",
			);
			name = "[CP] Embed Pods Frameworks";
			outputPaths = (
				"${TARGET_BUILD_DIR}/${FRAMEWORKS_FOLDER_PATH}/Alamofire.framework",
				"${TARGET_BUILD_DIR}/${FRAMEWORKS_FOLDER_PATH}/FlexView.framework",
				"${TARGET_BUILD_DIR}/${FRAMEWORKS_FOLDER_PATH}/GLEKit.framework",
				"${TARGET_BUILD_DIR}/${FRAMEWORKS_FOLDER_PATH}/RxCocoa.framework",
				"${TARGET_BUILD_DIR}/${FRAMEWORKS_FOLDER_PATH}/RxSwift.framework",
			);
			runOnlyForDeploymentPostprocessing = 0;
			shellPath = /bin/sh;
			shellScript = "\"${SRCROOT}/Pods/Target Support Files/Pods-Alamofire+RxSwiftByTodoList/Pods-Alamofire+RxSwiftByTodoList-frameworks.sh\"\n";
			showEnvVarsInLog = 0;
		};
/* End PBXShellScriptBuildPhase section */

/* Begin PBXSourcesBuildPhase section */
		F0455D142099BE6A00D5390D /* Sources */ = {
			isa = PBXSourcesBuildPhase;
			buildActionMask = 2147483647;
			files = (
				F0455D1E2099BE6A00D5390D /* ViewController.swift in Sources */,
				F0455D2E2099E79700D5390D /* Todo.swift in Sources */,
				F0455D302099E7A900D5390D /* TodoRouter.swift in Sources */,
				F0455D1C2099BE6A00D5390D /* AppDelegate.swift in Sources */,
			);
			runOnlyForDeploymentPostprocessing = 0;
		};
/* End PBXSourcesBuildPhase section */

/* Begin PBXVariantGroup section */
		F0455D1F2099BE6A00D5390D /* Main.storyboard */ = {
			isa = PBXVariantGroup;
			children = (
				F0455D202099BE6A00D5390D /* Base */,
			);
			name = Main.storyboard;
			sourceTree = "<group>";
		};
		F0455D242099BE6A00D5390D /* LaunchScreen.storyboard */ = {
			isa = PBXVariantGroup;
			children = (
				F0455D252099BE6A00D5390D /* Base */,
			);
			name = LaunchScreen.storyboard;
			sourceTree = "<group>";
		};
/* End PBXVariantGroup section */

/* Begin XCBuildConfiguration section */
		F0455D282099BE6A00D5390D /* Debug */ = {
			isa = XCBuildConfiguration;
			buildSettings = {
				ALWAYS_SEARCH_USER_PATHS = NO;
				CLANG_ANALYZER_NONNULL = YES;
				CLANG_ANALYZER_NUMBER_OBJECT_CONVERSION = YES_AGGRESSIVE;
				CLANG_CXX_LANGUAGE_STANDARD = "gnu++14";
				CLANG_CXX_LIBRARY = "libc++";
				CLANG_ENABLE_MODULES = YES;
				CLANG_ENABLE_OBJC_ARC = YES;
				CLANG_ENABLE_OBJC_WEAK = YES;
				CLANG_WARN_BLOCK_CAPTURE_AUTORELEASING = YES;
				CLANG_WARN_BOOL_CONVERSION = YES;
				CLANG_WARN_COMMA = YES;
				CLANG_WARN_CONSTANT_CONVERSION = YES;
				CLANG_WARN_DEPRECATED_OBJC_IMPLEMENTATIONS = YES;
				CLANG_WARN_DIRECT_OBJC_ISA_USAGE = YES_ERROR;
				CLANG_WARN_DOCUMENTATION_COMMENTS = YES;
				CLANG_WARN_EMPTY_BODY = YES;
				CLANG_WARN_ENUM_CONVERSION = YES;
				CLANG_WARN_INFINITE_RECURSION = YES;
				CLANG_WARN_INT_CONVERSION = YES;
				CLANG_WARN_NON_LITERAL_NULL_CONVERSION = YES;
				CLANG_WARN_OBJC_IMPLICIT_RETAIN_SELF = YES;
				CLANG_WARN_OBJC_LITERAL_CONVERSION = YES;
				CLANG_WARN_OBJC_ROOT_CLASS = YES_ERROR;
				CLANG_WARN_RANGE_LOOP_ANALYSIS = YES;
				CLANG_WARN_STRICT_PROTOTYPES = YES;
				CLANG_WARN_SUSPICIOUS_MOVE = YES;
				CLANG_WARN_UNGUARDED_AVAILABILITY = YES_AGGRESSIVE;
				CLANG_WARN_UNREACHABLE_CODE = YES;
				CLANG_WARN__DUPLICATE_METHOD_MATCH = YES;
				CODE_SIGN_IDENTITY = "iPhone Developer";
				COPY_PHASE_STRIP = NO;
				DEBUG_INFORMATION_FORMAT = dwarf;
				ENABLE_STRICT_OBJC_MSGSEND = YES;
				ENABLE_TESTABILITY = YES;
				GCC_C_LANGUAGE_STANDARD = gnu11;
				GCC_DYNAMIC_NO_PIC = NO;
				GCC_NO_COMMON_BLOCKS = YES;
				GCC_OPTIMIZATION_LEVEL = 0;
				GCC_PREPROCESSOR_DEFINITIONS = (
					"DEBUG=1",
					"$(inherited)",
				);
				GCC_WARN_64_TO_32_BIT_CONVERSION = YES;
				GCC_WARN_ABOUT_RETURN_TYPE = YES_ERROR;
				GCC_WARN_UNDECLARED_SELECTOR = YES;
				GCC_WARN_UNINITIALIZED_AUTOS = YES_AGGRESSIVE;
				GCC_WARN_UNUSED_FUNCTION = YES;
				GCC_WARN_UNUSED_VARIABLE = YES;
				IPHONEOS_DEPLOYMENT_TARGET = 11.3;
				MTL_ENABLE_DEBUG_INFO = YES;
				ONLY_ACTIVE_ARCH = YES;
				SDKROOT = iphoneos;
				SWIFT_ACTIVE_COMPILATION_CONDITIONS = DEBUG;
				SWIFT_OPTIMIZATION_LEVEL = "-Onone";
			};
			name = Debug;
		};
		F0455D292099BE6A00D5390D /* Release */ = {
			isa = XCBuildConfiguration;
			buildSettings = {
				ALWAYS_SEARCH_USER_PATHS = NO;
				CLANG_ANALYZER_NONNULL = YES;
				CLANG_ANALYZER_NUMBER_OBJECT_CONVERSION = YES_AGGRESSIVE;
				CLANG_CXX_LANGUAGE_STANDARD = "gnu++14";
				CLANG_CXX_LIBRARY = "libc++";
				CLANG_ENABLE_MODULES = YES;
				CLANG_ENABLE_OBJC_ARC = YES;
				CLANG_ENABLE_OBJC_WEAK = YES;
				CLANG_WARN_BLOCK_CAPTURE_AUTORELEASING = YES;
				CLANG_WARN_BOOL_CONVERSION = YES;
				CLANG_WARN_COMMA = YES;
				CLANG_WARN_CONSTANT_CONVERSION = YES;
				CLANG_WARN_DEPRECATED_OBJC_IMPLEMENTATIONS = YES;
				CLANG_WARN_DIRECT_OBJC_ISA_USAGE = YES_ERROR;
				CLANG_WARN_DOCUMENTATION_COMMENTS = YES;
				CLANG_WARN_EMPTY_BODY = YES;
				CLANG_WARN_ENUM_CONVERSION = YES;
				CLANG_WARN_INFINITE_RECURSION = YES;
				CLANG_WARN_INT_CONVERSION = YES;
				CLANG_WARN_NON_LITERAL_NULL_CONVERSION = YES;
				CLANG_WARN_OBJC_IMPLICIT_RETAIN_SELF = YES;
				CLANG_WARN_OBJC_LITERAL_CONVERSION = YES;
				CLANG_WARN_OBJC_ROOT_CLASS = YES_ERROR;
				CLANG_WARN_RANGE_LOOP_ANALYSIS = YES;
				CLANG_WARN_STRICT_PROTOTYPES = YES;
				CLANG_WARN_SUSPICIOUS_MOVE = YES;
				CLANG_WARN_UNGUARDED_AVAILABILITY = YES_AGGRESSIVE;
				CLANG_WARN_UNREACHABLE_CODE = YES;
				CLANG_WARN__DUPLICATE_METHOD_MATCH = YES;
				CODE_SIGN_IDENTITY = "iPhone Developer";
				COPY_PHASE_STRIP = NO;
				DEBUG_INFORMATION_FORMAT = "dwarf-with-dsym";
				ENABLE_NS_ASSERTIONS = NO;
				ENABLE_STRICT_OBJC_MSGSEND = YES;
				GCC_C_LANGUAGE_STANDARD = gnu11;
				GCC_NO_COMMON_BLOCKS = YES;
				GCC_WARN_64_TO_32_BIT_CONVERSION = YES;
				GCC_WARN_ABOUT_RETURN_TYPE = YES_ERROR;
				GCC_WARN_UNDECLARED_SELECTOR = YES;
				GCC_WARN_UNINITIALIZED_AUTOS = YES_AGGRESSIVE;
				GCC_WARN_UNUSED_FUNCTION = YES;
				GCC_WARN_UNUSED_VARIABLE = YES;
				IPHONEOS_DEPLOYMENT_TARGET = 11.3;
				MTL_ENABLE_DEBUG_INFO = NO;
				SDKROOT = iphoneos;
				SWIFT_COMPILATION_MODE = wholemodule;
				SWIFT_OPTIMIZATION_LEVEL = "-O";
				VALIDATE_PRODUCT = YES;
			};
			name = Release;
		};
		F0455D2B2099BE6A00D5390D /* Debug */ = {
			isa = XCBuildConfiguration;
			baseConfigurationReference = BE479AB293478D4B37683B23 /* Pods-Alamofire+RxSwiftByTodoList.debug.xcconfig */;
			buildSettings = {
				ASSETCATALOG_COMPILER_APPICON_NAME = AppIcon;
				CODE_SIGN_STYLE = Automatic;
				DEVELOPMENT_TEAM = 2288W7ZL47;
				INFOPLIST_FILE = "Alamofire+RxSwiftByTodoList/Info.plist";
				LD_RUNPATH_SEARCH_PATHS = (
					"$(inherited)",
					"@executable_path/Frameworks",
				);
				PRODUCT_BUNDLE_IDENTIFIER = "com.gavinining.Alamofire-RxSwiftByTodoList";
				PRODUCT_NAME = "$(TARGET_NAME)";
				SWIFT_VERSION = 4.0;
				TARGETED_DEVICE_FAMILY = "1,2";
			};
			name = Debug;
		};
		F0455D2C2099BE6A00D5390D /* Release */ = {
			isa = XCBuildConfiguration;
			baseConfigurationReference = FA5E9282B08108CDAEBCB039 /* Pods-Alamofire+RxSwiftByTodoList.release.xcconfig */;
			buildSettings = {
				ASSETCATALOG_COMPILER_APPICON_NAME = AppIcon;
				CODE_SIGN_STYLE = Automatic;
				DEVELOPMENT_TEAM = 2288W7ZL47;
				INFOPLIST_FILE = "Alamofire+RxSwiftByTodoList/Info.plist";
				LD_RUNPATH_SEARCH_PATHS = (
					"$(inherited)",
					"@executable_path/Frameworks",
				);
				PRODUCT_BUNDLE_IDENTIFIER = "com.gavinining.Alamofire-RxSwiftByTodoList";
				PRODUCT_NAME = "$(TARGET_NAME)";
				SWIFT_VERSION = 4.0;
				TARGETED_DEVICE_FAMILY = "1,2";
			};
			name = Release;
		};
/* End XCBuildConfiguration section */

/* Begin XCConfigurationList section */
		F0455D132099BE6A00D5390D /* Build configuration list for PBXProject "Alamofire+RxSwiftByTodoList" */ = {
			isa = XCConfigurationList;
			buildConfigurations = (
				F0455D282099BE6A00D5390D /* Debug */,
				F0455D292099BE6A00D5390D /* Release */,
			);
			defaultConfigurationIsVisible = 0;
			defaultConfigurationName = Release;
		};
		F0455D2A2099BE6A00D5390D /* Build configuration list for PBXNativeTarget "Alamofire+RxSwiftByTodoList" */ = {
			isa = XCConfigurationList;
			buildConfigurations = (
				F0455D2B2099BE6A00D5390D /* Debug */,
				F0455D2C2099BE6A00D5390D /* Release */,
			);
			defaultConfigurationIsVisible = 0;
			defaultConfigurationName = Release;
		};
/* End XCConfigurationList section */
	};
	rootObject = F0455D102099BE6A00D5390D /* Project object */;
}
